// !$*UTF8*$!
{
	archiveVersion = 1;
	classes = {
	};
	objectVersion = 51;
	objects = {

/* Begin PBXBuildFile section */
		C923F57C239A5266008A9AE0 /* INetworkManager.swift in Sources */ = {isa = PBXBuildFile; fileRef = C923F57B239A5266008A9AE0 /* INetworkManager.swift */; };
		C923F57F239A53FB008A9AE0 /* User.swift in Sources */ = {isa = PBXBuildFile; fileRef = C923F57E239A53FB008A9AE0 /* User.swift */; };
		C9266FD9238FF12700FA2E16 /* IFeedPresenter.swift in Sources */ = {isa = PBXBuildFile; fileRef = C9266FD8238FF12700FA2E16 /* IFeedPresenter.swift */; };
		C9266FDB238FF28500FA2E16 /* IFeedView.swift in Sources */ = {isa = PBXBuildFile; fileRef = C9266FDA238FF28500FA2E16 /* IFeedView.swift */; };
		C9266FDD238FF4E700FA2E16 /* FeedPresenter.swift in Sources */ = {isa = PBXBuildFile; fileRef = C9266FDC238FF4E700FA2E16 /* FeedPresenter.swift */; };
		C93BD8A223AA95DF00DDBBDA /* Date+yesterdayDay.swift in Sources */ = {isa = PBXBuildFile; fileRef = C93BD8A123AA95DF00DDBBDA /* Date+yesterdayDay.swift */; };
		C9425A4823A916C600749888 /* ArticlesParams.swift in Sources */ = {isa = PBXBuildFile; fileRef = C9425A4723A916C600749888 /* ArticlesParams.swift */; };
		C94DEE4C238C3F5900708074 /* AppDelegate.swift in Sources */ = {isa = PBXBuildFile; fileRef = C94DEE4B238C3F5900708074 /* AppDelegate.swift */; };
		C94DEE4E238C3F5900708074 /* SceneDelegate.swift in Sources */ = {isa = PBXBuildFile; fileRef = C94DEE4D238C3F5900708074 /* SceneDelegate.swift */; };
		C94DEE50238C3F5900708074 /* FeedViewController.swift in Sources */ = {isa = PBXBuildFile; fileRef = C94DEE4F238C3F5900708074 /* FeedViewController.swift */; };
		C94DEE53238C3F5900708074 /* Main.storyboard in Resources */ = {isa = PBXBuildFile; fileRef = C94DEE51238C3F5900708074 /* Main.storyboard */; };
		C94DEE55238C3F5900708074 /* Assets.xcassets in Resources */ = {isa = PBXBuildFile; fileRef = C94DEE54238C3F5900708074 /* Assets.xcassets */; };
		C94DEE58238C3F5900708074 /* LaunchScreen.storyboard in Resources */ = {isa = PBXBuildFile; fileRef = C94DEE56238C3F5900708074 /* LaunchScreen.storyboard */; };
		C9555D2B23B0A77D002365F8 /* RSSReaderDataModel.xcdatamodeld in Sources */ = {isa = PBXBuildFile; fileRef = C9555D2923B0A77D002365F8 /* RSSReaderDataModel.xcdatamodeld */; };
		C9555D2E23B0A7E2002365F8 /* ArticleMO+CoreDataClass.swift in Sources */ = {isa = PBXBuildFile; fileRef = C9555D2C23B0A7E2002365F8 /* ArticleMO+CoreDataClass.swift */; };
		C9555D2F23B0A7E2002365F8 /* ArticleMO+CoreDataProperties.swift in Sources */ = {isa = PBXBuildFile; fileRef = C9555D2D23B0A7E2002365F8 /* ArticleMO+CoreDataProperties.swift */; };
		C9555D3123B0BBF0002365F8 /* CacheService.swift in Sources */ = {isa = PBXBuildFile; fileRef = C9555D3023B0BBF0002365F8 /* CacheService.swift */; };
		C9555D3323B0BC0F002365F8 /* ICacheService.swift in Sources */ = {isa = PBXBuildFile; fileRef = C9555D3223B0BC0F002365F8 /* ICacheService.swift */; };
		C9ABE68A239B4F470050312B /* Login.storyboard in Resources */ = {isa = PBXBuildFile; fileRef = C9ABE689239B4F470050312B /* Login.storyboard */; };
		C9ABE68C239B4F6C0050312B /* ILoginView.swift in Sources */ = {isa = PBXBuildFile; fileRef = C9ABE68B239B4F6C0050312B /* ILoginView.swift */; };
		C9ABE68E239B4F8F0050312B /* LoginViewController.swift in Sources */ = {isa = PBXBuildFile; fileRef = C9ABE68D239B4F8F0050312B /* LoginViewController.swift */; };
		C9B016872392229D00E87634 /* News.swift in Sources */ = {isa = PBXBuildFile; fileRef = C9B016862392229D00E87634 /* News.swift */; };
		C9B016892392244100E87634 /* NetworkManager.swift in Sources */ = {isa = PBXBuildFile; fileRef = C9B016882392244100E87634 /* NetworkManager.swift */; };
		C9B0168B23923F9700E87634 /* DateFormater+ISO8601.swift in Sources */ = {isa = PBXBuildFile; fileRef = C9B0168A23923F9700E87634 /* DateFormater+ISO8601.swift */; };
		C9B448442392438800263559 /* RSSDateFormater.swift in Sources */ = {isa = PBXBuildFile; fileRef = C9B448432392438800263559 /* RSSDateFormater.swift */; };
		C9BC063023A3E95F00AEC2D2 /*  ILoginPresenter.swift in Sources */ = {isa = PBXBuildFile; fileRef = C9BC062F23A3E95F00AEC2D2 /*  ILoginPresenter.swift */; };
		C9BC063223A3E98400AEC2D2 /* LoginPresenter.swift in Sources */ = {isa = PBXBuildFile; fileRef = C9BC063123A3E98400AEC2D2 /* LoginPresenter.swift */; };
		C9D3179023992B2300AA6F62 /* URLBuilder.swift in Sources */ = {isa = PBXBuildFile; fileRef = C9D3178F23992B2300AA6F62 /* URLBuilder.swift */; };
		C9D4CF7223A71E430013B703 /* IFavoritePresenter.swift in Sources */ = {isa = PBXBuildFile; fileRef = C9D4CF7123A71E430013B703 /* IFavoritePresenter.swift */; };
		C9D4CF7423A71E630013B703 /* IFavoriteView.swift in Sources */ = {isa = PBXBuildFile; fileRef = C9D4CF7323A71E630013B703 /* IFavoriteView.swift */; };
		C9D4CF7623A71E8A0013B703 /* FavoriteViewController.swift in Sources */ = {isa = PBXBuildFile; fileRef = C9D4CF7523A71E8A0013B703 /* FavoriteViewController.swift */; };
		C9D4CF7823A71ECD0013B703 /* FavoritePresenter.swift in Sources */ = {isa = PBXBuildFile; fileRef = C9D4CF7723A71ECD0013B703 /* FavoritePresenter.swift */; };
		C9D4CF7A23A728EE0013B703 /* String+EncodeURL.swift in Sources */ = {isa = PBXBuildFile; fileRef = C9D4CF7923A728EE0013B703 /* String+EncodeURL.swift */; };
		C9D5DAEB238FB8D700583F2A /* NewsCell.xib in Resources */ = {isa = PBXBuildFile; fileRef = C9D5DAEA238FB8D700583F2A /* NewsCell.xib */; };
		C9D5DAED238FB9AB00583F2A /* NewsCell.swift in Sources */ = {isa = PBXBuildFile; fileRef = C9D5DAEC238FB9AB00583F2A /* NewsCell.swift */; };
		C9DC10BC23AFE40300FE6643 /* Pods_RSSReaderFS.framework in Frameworks */ = {isa = PBXBuildFile; fileRef = C9DC10BB23AFE40300FE6643 /* Pods_RSSReaderFS.framework */; };
		C9DC10BD23AFE40300FE6643 /* Pods_RSSReaderFS.framework in Embed Frameworks */ = {isa = PBXBuildFile; fileRef = C9DC10BB23AFE40300FE6643 /* Pods_RSSReaderFS.framework */; settings = {ATTRIBUTES = (CodeSignOnCopy, RemoveHeadersOnCopy, ); }; };
		C9DC10C023AFF3D900FE6643 /* ImageDownloadManager.swift in Sources */ = {isa = PBXBuildFile; fileRef = C9DC10BF23AFF3D900FE6643 /* ImageDownloadManager.swift */; };
		C9DC10C423AFF57700FE6643 /* PGOperation.swift in Sources */ = {isa = PBXBuildFile; fileRef = C9DC10C323AFF57700FE6643 /* PGOperation.swift */; };
		C9EB9ED423ABADA1006E7D13 /* FullNews.storyboard in Resources */ = {isa = PBXBuildFile; fileRef = C9EB9ED323ABADA1006E7D13 /* FullNews.storyboard */; };
		C9EB9ED723ABAE56006E7D13 /* IFullNewsView.swift in Sources */ = {isa = PBXBuildFile; fileRef = C9EB9ED623ABAE56006E7D13 /* IFullNewsView.swift */; };
		C9EB9ED923ABB10F006E7D13 /* IFullNewsPresenter.swift in Sources */ = {isa = PBXBuildFile; fileRef = C9EB9ED823ABB10F006E7D13 /* IFullNewsPresenter.swift */; };
		C9EB9EDB23ABB122006E7D13 /* FullNewsViewController.swift in Sources */ = {isa = PBXBuildFile; fileRef = C9EB9EDA23ABB122006E7D13 /* FullNewsViewController.swift */; };
		C9EB9EDD23ABB138006E7D13 /* FullNewsPresenter.swift in Sources */ = {isa = PBXBuildFile; fileRef = C9EB9EDC23ABB138006E7D13 /* FullNewsPresenter.swift */; };
/* End PBXBuildFile section */

/* Begin PBXCopyFilesBuildPhase section */
		C9DC10BE23AFE40300FE6643 /* Embed Frameworks */ = {
			isa = PBXCopyFilesBuildPhase;
			buildActionMask = 2147483647;
			dstPath = "";
			dstSubfolderSpec = 10;
			files = (
				C9DC10BD23AFE40300FE6643 /* Pods_RSSReaderFS.framework in Embed Frameworks */,
			);
			name = "Embed Frameworks";
			runOnlyForDeploymentPostprocessing = 0;
		};
/* End PBXCopyFilesBuildPhase section */

/* Begin PBXFileReference section */
		1F4C25D6743950469AA44324 /* Pods_RSSReaderFS.framework */ = {isa = PBXFileReference; explicitFileType = wrapper.framework; includeInIndex = 0; path = Pods_RSSReaderFS.framework; sourceTree = BUILT_PRODUCTS_DIR; };
		751CD19FCDB5263CF3F5A0B7 /* Pods-RSSReaderFS.release.xcconfig */ = {isa = PBXFileReference; includeInIndex = 1; lastKnownFileType = text.xcconfig; name = "Pods-RSSReaderFS.release.xcconfig"; path = "Target Support Files/Pods-RSSReaderFS/Pods-RSSReaderFS.release.xcconfig"; sourceTree = "<group>"; };
		8842CA431C6D4D6FEA6774FB /* Pods-RSSReaderFS.debug.xcconfig */ = {isa = PBXFileReference; includeInIndex = 1; lastKnownFileType = text.xcconfig; name = "Pods-RSSReaderFS.debug.xcconfig"; path = "Target Support Files/Pods-RSSReaderFS/Pods-RSSReaderFS.debug.xcconfig"; sourceTree = "<group>"; };
		C923F57B239A5266008A9AE0 /* INetworkManager.swift */ = {isa = PBXFileReference; lastKnownFileType = sourcecode.swift; path = INetworkManager.swift; sourceTree = "<group>"; };
		C923F57E239A53FB008A9AE0 /* User.swift */ = {isa = PBXFileReference; lastKnownFileType = sourcecode.swift; path = User.swift; sourceTree = "<group>"; };
		C9266FD8238FF12700FA2E16 /* IFeedPresenter.swift */ = {isa = PBXFileReference; lastKnownFileType = sourcecode.swift; path = IFeedPresenter.swift; sourceTree = "<group>"; };
		C9266FDA238FF28500FA2E16 /* IFeedView.swift */ = {isa = PBXFileReference; lastKnownFileType = sourcecode.swift; path = IFeedView.swift; sourceTree = "<group>"; };
		C9266FDC238FF4E700FA2E16 /* FeedPresenter.swift */ = {isa = PBXFileReference; lastKnownFileType = sourcecode.swift; path = FeedPresenter.swift; sourceTree = "<group>"; };
		C93BD8A123AA95DF00DDBBDA /* Date+yesterdayDay.swift */ = {isa = PBXFileReference; lastKnownFileType = sourcecode.swift; path = "Date+yesterdayDay.swift"; sourceTree = "<group>"; };
		C9425A4723A916C600749888 /* ArticlesParams.swift */ = {isa = PBXFileReference; lastKnownFileType = sourcecode.swift; path = ArticlesParams.swift; sourceTree = "<group>"; };
		C94DEE48238C3F5900708074 /* RSSReaderFS.app */ = {isa = PBXFileReference; explicitFileType = wrapper.application; includeInIndex = 0; path = RSSReaderFS.app; sourceTree = BUILT_PRODUCTS_DIR; };
		C94DEE4B238C3F5900708074 /* AppDelegate.swift */ = {isa = PBXFileReference; lastKnownFileType = sourcecode.swift; path = AppDelegate.swift; sourceTree = "<group>"; };
		C94DEE4D238C3F5900708074 /* SceneDelegate.swift */ = {isa = PBXFileReference; lastKnownFileType = sourcecode.swift; path = SceneDelegate.swift; sourceTree = "<group>"; };
		C94DEE4F238C3F5900708074 /* FeedViewController.swift */ = {isa = PBXFileReference; lastKnownFileType = sourcecode.swift; path = FeedViewController.swift; sourceTree = "<group>"; };
		C94DEE52238C3F5900708074 /* Base */ = {isa = PBXFileReference; lastKnownFileType = file.storyboard; name = Base; path = Base.lproj/Main.storyboard; sourceTree = "<group>"; };
		C94DEE54238C3F5900708074 /* Assets.xcassets */ = {isa = PBXFileReference; lastKnownFileType = folder.assetcatalog; path = Assets.xcassets; sourceTree = "<group>"; };
		C94DEE57238C3F5900708074 /* Base */ = {isa = PBXFileReference; lastKnownFileType = file.storyboard; name = Base; path = Base.lproj/LaunchScreen.storyboard; sourceTree = "<group>"; };
		C94DEE59238C3F5900708074 /* Info.plist */ = {isa = PBXFileReference; lastKnownFileType = text.plist.xml; path = Info.plist; sourceTree = "<group>"; };
		C9555D2A23B0A77D002365F8 /* RSSReaderDataModel.xcdatamodel */ = {isa = PBXFileReference; lastKnownFileType = wrapper.xcdatamodel; path = RSSReaderDataModel.xcdatamodel; sourceTree = "<group>"; };
		C9555D2C23B0A7E2002365F8 /* ArticleMO+CoreDataClass.swift */ = {isa = PBXFileReference; lastKnownFileType = sourcecode.swift; path = "ArticleMO+CoreDataClass.swift"; sourceTree = "<group>"; };
		C9555D2D23B0A7E2002365F8 /* ArticleMO+CoreDataProperties.swift */ = {isa = PBXFileReference; lastKnownFileType = sourcecode.swift; path = "ArticleMO+CoreDataProperties.swift"; sourceTree = "<group>"; };
		C9555D3023B0BBF0002365F8 /* CacheService.swift */ = {isa = PBXFileReference; lastKnownFileType = sourcecode.swift; path = CacheService.swift; sourceTree = "<group>"; };
		C9555D3223B0BC0F002365F8 /* ICacheService.swift */ = {isa = PBXFileReference; lastKnownFileType = sourcecode.swift; path = ICacheService.swift; sourceTree = "<group>"; };
		C9ABE689239B4F470050312B /* Login.storyboard */ = {isa = PBXFileReference; lastKnownFileType = file.storyboard; path = Login.storyboard; sourceTree = "<group>"; };
		C9ABE68B239B4F6C0050312B /* ILoginView.swift */ = {isa = PBXFileReference; lastKnownFileType = sourcecode.swift; path = ILoginView.swift; sourceTree = "<group>"; };
		C9ABE68D239B4F8F0050312B /* LoginViewController.swift */ = {isa = PBXFileReference; lastKnownFileType = sourcecode.swift; path = LoginViewController.swift; sourceTree = "<group>"; };
		C9B016862392229D00E87634 /* News.swift */ = {isa = PBXFileReference; lastKnownFileType = sourcecode.swift; path = News.swift; sourceTree = "<group>"; };
		C9B016882392244100E87634 /* NetworkManager.swift */ = {isa = PBXFileReference; lastKnownFileType = sourcecode.swift; path = NetworkManager.swift; sourceTree = "<group>"; };
		C9B0168A23923F9700E87634 /* DateFormater+ISO8601.swift */ = {isa = PBXFileReference; lastKnownFileType = sourcecode.swift; path = "DateFormater+ISO8601.swift"; sourceTree = "<group>"; };
		C9B448432392438800263559 /* RSSDateFormater.swift */ = {isa = PBXFileReference; lastKnownFileType = sourcecode.swift; path = RSSDateFormater.swift; sourceTree = "<group>"; };
		C9BC062F23A3E95F00AEC2D2 /*  ILoginPresenter.swift */ = {isa = PBXFileReference; lastKnownFileType = sourcecode.swift; path = " ILoginPresenter.swift"; sourceTree = "<group>"; };
		C9BC063123A3E98400AEC2D2 /* LoginPresenter.swift */ = {isa = PBXFileReference; lastKnownFileType = sourcecode.swift; path = LoginPresenter.swift; sourceTree = "<group>"; };
		C9D3178F23992B2300AA6F62 /* URLBuilder.swift */ = {isa = PBXFileReference; lastKnownFileType = sourcecode.swift; path = URLBuilder.swift; sourceTree = "<group>"; };
		C9D4CF7123A71E430013B703 /* IFavoritePresenter.swift */ = {isa = PBXFileReference; lastKnownFileType = sourcecode.swift; path = IFavoritePresenter.swift; sourceTree = "<group>"; };
		C9D4CF7323A71E630013B703 /* IFavoriteView.swift */ = {isa = PBXFileReference; lastKnownFileType = sourcecode.swift; path = IFavoriteView.swift; sourceTree = "<group>"; };
		C9D4CF7523A71E8A0013B703 /* FavoriteViewController.swift */ = {isa = PBXFileReference; lastKnownFileType = sourcecode.swift; path = FavoriteViewController.swift; sourceTree = "<group>"; };
		C9D4CF7723A71ECD0013B703 /* FavoritePresenter.swift */ = {isa = PBXFileReference; lastKnownFileType = sourcecode.swift; path = FavoritePresenter.swift; sourceTree = "<group>"; };
		C9D4CF7923A728EE0013B703 /* String+EncodeURL.swift */ = {isa = PBXFileReference; lastKnownFileType = sourcecode.swift; path = "String+EncodeURL.swift"; sourceTree = "<group>"; };
		C9D5DAEA238FB8D700583F2A /* NewsCell.xib */ = {isa = PBXFileReference; lastKnownFileType = file.xib; path = NewsCell.xib; sourceTree = "<group>"; };
		C9D5DAEC238FB9AB00583F2A /* NewsCell.swift */ = {isa = PBXFileReference; lastKnownFileType = sourcecode.swift; path = NewsCell.swift; sourceTree = "<group>"; };
		C9DC10BB23AFE40300FE6643 /* Pods_RSSReaderFS.framework */ = {isa = PBXFileReference; explicitFileType = wrapper.framework; path = Pods_RSSReaderFS.framework; sourceTree = BUILT_PRODUCTS_DIR; };
		C9DC10BF23AFF3D900FE6643 /* ImageDownloadManager.swift */ = {isa = PBXFileReference; lastKnownFileType = sourcecode.swift; path = ImageDownloadManager.swift; sourceTree = "<group>"; };
		C9DC10C323AFF57700FE6643 /* PGOperation.swift */ = {isa = PBXFileReference; lastKnownFileType = sourcecode.swift; path = PGOperation.swift; sourceTree = "<group>"; };
		C9EB9ED323ABADA1006E7D13 /* FullNews.storyboard */ = {isa = PBXFileReference; lastKnownFileType = file.storyboard; path = FullNews.storyboard; sourceTree = "<group>"; };
		C9EB9ED623ABAE56006E7D13 /* IFullNewsView.swift */ = {isa = PBXFileReference; lastKnownFileType = sourcecode.swift; path = IFullNewsView.swift; sourceTree = "<group>"; };
		C9EB9ED823ABB10F006E7D13 /* IFullNewsPresenter.swift */ = {isa = PBXFileReference; lastKnownFileType = sourcecode.swift; path = IFullNewsPresenter.swift; sourceTree = "<group>"; };
		C9EB9EDA23ABB122006E7D13 /* FullNewsViewController.swift */ = {isa = PBXFileReference; lastKnownFileType = sourcecode.swift; path = FullNewsViewController.swift; sourceTree = "<group>"; };
		C9EB9EDC23ABB138006E7D13 /* FullNewsPresenter.swift */ = {isa = PBXFileReference; lastKnownFileType = sourcecode.swift; path = FullNewsPresenter.swift; sourceTree = "<group>"; };
/* End PBXFileReference section */

/* Begin PBXFrameworksBuildPhase section */
		C94DEE45238C3F5900708074 /* Frameworks */ = {
			isa = PBXFrameworksBuildPhase;
			buildActionMask = 2147483647;
			files = (
				C9DC10BC23AFE40300FE6643 /* Pods_RSSReaderFS.framework in Frameworks */,
			);
			runOnlyForDeploymentPostprocessing = 0;
		};
/* End PBXFrameworksBuildPhase section */

/* Begin PBXGroup section */
		C570030DF3571B535E07F3CF /* Frameworks */ = {
			isa = PBXGroup;
			children = (
				C9DC10BB23AFE40300FE6643 /* Pods_RSSReaderFS.framework */,
				1F4C25D6743950469AA44324 /* Pods_RSSReaderFS.framework */,
			);
			name = Frameworks;
			sourceTree = "<group>";
		};
		C923F57D239A5280008A9AE0 /* Application */ = {
			isa = PBXGroup;
			children = (
				C94DEE4B238C3F5900708074 /* AppDelegate.swift */,
				C94DEE4D238C3F5900708074 /* SceneDelegate.swift */,
				C94DEE59238C3F5900708074 /* Info.plist */,
			);
			name = Application;
			sourceTree = "<group>";
		};
		C94DEE3F238C3F5900708074 = {
			isa = PBXGroup;
			children = (
				C94DEE4A238C3F5900708074 /* RSSReaderFS */,
				C94DEE49238C3F5900708074 /* Products */,
				FECFE1FF8631375F61C655EB /* Pods */,
				C570030DF3571B535E07F3CF /* Frameworks */,
			);
			sourceTree = "<group>";
		};
		C94DEE49238C3F5900708074 /* Products */ = {
			isa = PBXGroup;
			children = (
				C94DEE48238C3F5900708074 /* RSSReaderFS.app */,
			);
			name = Products;
			sourceTree = "<group>";
		};
		C94DEE4A238C3F5900708074 /* RSSReaderFS */ = {
			isa = PBXGroup;
			children = (
				C9555D2823B0A734002365F8 /* cache */,
				C9BC062B23A3E81000AEC2D2 /* Units */,
				C923F57D239A5280008A9AE0 /* Application */,
				C9D3179A2399388C00AA6F62 /* Extensions */,
				C9D317922399363700AA6F62 /* Storyboards */,
				C9D31796239937CA00AA6F62 /* Models */,
				C9D317982399382C00AA6F62 /* Resources */,
				C9D317992399383B00AA6F62 /* Networking */,
				C9B448432392438800263559 /* RSSDateFormater.swift */,
				C9DC10C323AFF57700FE6643 /* PGOperation.swift */,
			);
			path = RSSReaderFS;
			sourceTree = "<group>";
		};
		C9555D2823B0A734002365F8 /* cache */ = {
			isa = PBXGroup;
			children = (
				C9555D2C23B0A7E2002365F8 /* ArticleMO+CoreDataClass.swift */,
				C9555D2D23B0A7E2002365F8 /* ArticleMO+CoreDataProperties.swift */,
				C9555D2923B0A77D002365F8 /* RSSReaderDataModel.xcdatamodeld */,
				C9555D3023B0BBF0002365F8 /* CacheService.swift */,
				C9555D3223B0BC0F002365F8 /* ICacheService.swift */,
			);
			path = cache;
			sourceTree = "<group>";
		};
		C9BC062B23A3E81000AEC2D2 /* Units */ = {
			isa = PBXGroup;
			children = (
				C9EB9ED523ABAE38006E7D13 /* FullNews */,
				C9D4CF7023A71E280013B703 /* Favorite */,
				C9BC062E23A3E8AD00AEC2D2 /* NewsCell */,
				C9BC062D23A3E88100AEC2D2 /* Login */,
				C9BC062C23A3E85E00AEC2D2 /* Feed */,
			);
			path = Units;
			sourceTree = "<group>";
		};
		C9BC062C23A3E85E00AEC2D2 /* Feed */ = {
			isa = PBXGroup;
			children = (
				C9266FDC238FF4E700FA2E16 /* FeedPresenter.swift */,
				C9266FD8238FF12700FA2E16 /* IFeedPresenter.swift */,
				C94DEE4F238C3F5900708074 /* FeedViewController.swift */,
				C9266FDA238FF28500FA2E16 /* IFeedView.swift */,
				C9425A4723A916C600749888 /* ArticlesParams.swift */,
			);
			path = Feed;
			sourceTree = "<group>";
		};
		C9BC062D23A3E88100AEC2D2 /* Login */ = {
			isa = PBXGroup;
			children = (
				C9ABE68B239B4F6C0050312B /* ILoginView.swift */,
				C9ABE68D239B4F8F0050312B /* LoginViewController.swift */,
				C9BC062F23A3E95F00AEC2D2 /*  ILoginPresenter.swift */,
				C9BC063123A3E98400AEC2D2 /* LoginPresenter.swift */,
			);
			path = Login;
			sourceTree = "<group>";
		};
		C9BC062E23A3E8AD00AEC2D2 /* NewsCell */ = {
			isa = PBXGroup;
			children = (
				C9D5DAEA238FB8D700583F2A /* NewsCell.xib */,
				C9D5DAEC238FB9AB00583F2A /* NewsCell.swift */,
			);
			path = NewsCell;
			sourceTree = "<group>";
		};
		C9D317922399363700AA6F62 /* Storyboards */ = {
			isa = PBXGroup;
			children = (
				C94DEE51238C3F5900708074 /* Main.storyboard */,
				C94DEE56238C3F5900708074 /* LaunchScreen.storyboard */,
				C9ABE689239B4F470050312B /* Login.storyboard */,
				C9EB9ED323ABADA1006E7D13 /* FullNews.storyboard */,
			);
			name = Storyboards;
			path = Modules;
			sourceTree = "<group>";
		};
		C9D31796239937CA00AA6F62 /* Models */ = {
			isa = PBXGroup;
			children = (
				C9B016862392229D00E87634 /* News.swift */,
				C923F57E239A53FB008A9AE0 /* User.swift */,
			);
			path = Models;
			sourceTree = "<group>";
		};
		C9D317982399382C00AA6F62 /* Resources */ = {
			isa = PBXGroup;
			children = (
				C94DEE54238C3F5900708074 /* Assets.xcassets */,
			);
			path = Resources;
			sourceTree = "<group>";
		};
		C9D317992399383B00AA6F62 /* Networking */ = {
			isa = PBXGroup;
			children = (
				C9B016882392244100E87634 /* NetworkManager.swift */,
				C9D3178F23992B2300AA6F62 /* URLBuilder.swift */,
				C923F57B239A5266008A9AE0 /* INetworkManager.swift */,
				C9DC10BF23AFF3D900FE6643 /* ImageDownloadManager.swift */,
			);
			path = Networking;
			sourceTree = "<group>";
		};
		C9D3179A2399388C00AA6F62 /* Extensions */ = {
			isa = PBXGroup;
			children = (
				C9B0168A23923F9700E87634 /* DateFormater+ISO8601.swift */,
				C9D4CF7923A728EE0013B703 /* String+EncodeURL.swift */,
				C93BD8A123AA95DF00DDBBDA /* Date+yesterdayDay.swift */,
			);
			path = Extensions;
			sourceTree = "<group>";
		};
		C9D4CF7023A71E280013B703 /* Favorite */ = {
			isa = PBXGroup;
			children = (
				C9D4CF7723A71ECD0013B703 /* FavoritePresenter.swift */,
				C9D4CF7123A71E430013B703 /* IFavoritePresenter.swift */,
				C9D4CF7523A71E8A0013B703 /* FavoriteViewController.swift */,
				C9D4CF7323A71E630013B703 /* IFavoriteView.swift */,
			);
			path = Favorite;
			sourceTree = "<group>";
		};
		C9EB9ED523ABAE38006E7D13 /* FullNews */ = {
			isa = PBXGroup;
			children = (
				C9EB9ED623ABAE56006E7D13 /* IFullNewsView.swift */,
				C9EB9ED823ABB10F006E7D13 /* IFullNewsPresenter.swift */,
				C9EB9EDA23ABB122006E7D13 /* FullNewsViewController.swift */,
				C9EB9EDC23ABB138006E7D13 /* FullNewsPresenter.swift */,
			);
			path = FullNews;
			sourceTree = "<group>";
		};
		FECFE1FF8631375F61C655EB /* Pods */ = {
			isa = PBXGroup;
			children = (
				8842CA431C6D4D6FEA6774FB /* Pods-RSSReaderFS.debug.xcconfig */,
				751CD19FCDB5263CF3F5A0B7 /* Pods-RSSReaderFS.release.xcconfig */,
			);
			path = Pods;
			sourceTree = "<group>";
		};
/* End PBXGroup section */

/* Begin PBXNativeTarget section */
		C94DEE47238C3F5900708074 /* RSSReaderFS */ = {
			isa = PBXNativeTarget;
			buildConfigurationList = C94DEE5C238C3F5900708074 /* Build configuration list for PBXNativeTarget "RSSReaderFS" */;
			buildPhases = (
				415FD1DCD34DE15E9F03247C /* [CP] Check Pods Manifest.lock */,
				C94DEE44238C3F5900708074 /* Sources */,
				C94DEE45238C3F5900708074 /* Frameworks */,
				C94DEE46238C3F5900708074 /* Resources */,
				511390DDA211FD8B10BEFFFE /* [CP] Embed Pods Frameworks */,
				C9DC10BE23AFE40300FE6643 /* Embed Frameworks */,
			);
			buildRules = (
			);
			dependencies = (
			);
			name = RSSReaderFS;
			productName = RSSReaderFS;
			productReference = C94DEE48238C3F5900708074 /* RSSReaderFS.app */;
			productType = "com.apple.product-type.application";
		};
/* End PBXNativeTarget section */

/* Begin PBXProject section */
		C94DEE40238C3F5900708074 /* Project object */ = {
			isa = PBXProject;
			attributes = {
				LastSwiftUpdateCheck = 1110;
				LastUpgradeCheck = 1110;
				ORGANIZATIONNAME = "Georgy Kuzmenko";
				TargetAttributes = {
					C94DEE47238C3F5900708074 = {
						CreatedOnToolsVersion = 11.1;
					};
				};
			};
			buildConfigurationList = C94DEE43238C3F5900708074 /* Build configuration list for PBXProject "RSSReaderFS" */;
			compatibilityVersion = "Xcode 9.3";
			developmentRegion = en;
			hasScannedForEncodings = 0;
			knownRegions = (
				en,
				Base,
			);
			mainGroup = C94DEE3F238C3F5900708074;
			productRefGroup = C94DEE49238C3F5900708074 /* Products */;
			projectDirPath = "";
			projectRoot = "";
			targets = (
				C94DEE47238C3F5900708074 /* RSSReaderFS */,
			);
		};
/* End PBXProject section */

/* Begin PBXResourcesBuildPhase section */
		C94DEE46238C3F5900708074 /* Resources */ = {
			isa = PBXResourcesBuildPhase;
			buildActionMask = 2147483647;
			files = (
				C94DEE58238C3F5900708074 /* LaunchScreen.storyboard in Resources */,
				C94DEE55238C3F5900708074 /* Assets.xcassets in Resources */,
				C9EB9ED423ABADA1006E7D13 /* FullNews.storyboard in Resources */,
				C9D5DAEB238FB8D700583F2A /* NewsCell.xib in Resources */,
				C9ABE68A239B4F470050312B /* Login.storyboard in Resources */,
				C94DEE53238C3F5900708074 /* Main.storyboard in Resources */,
			);
			runOnlyForDeploymentPostprocessing = 0;
		};
/* End PBXResourcesBuildPhase section */

/* Begin PBXShellScriptBuildPhase section */
		415FD1DCD34DE15E9F03247C /* [CP] Check Pods Manifest.lock */ = {
			isa = PBXShellScriptBuildPhase;
			buildActionMask = 2147483647;
			files = (
			);
			inputFileListPaths = (
			);
			inputPaths = (
				"${PODS_PODFILE_DIR_PATH}/Podfile.lock",
				"${PODS_ROOT}/Manifest.lock",
			);
			name = "[CP] Check Pods Manifest.lock";
			outputFileListPaths = (
			);
			outputPaths = (
				"$(DERIVED_FILE_DIR)/Pods-RSSReaderFS-checkManifestLockResult.txt",
			);
			runOnlyForDeploymentPostprocessing = 0;
			shellPath = /bin/sh;
			shellScript = "diff \"${PODS_PODFILE_DIR_PATH}/Podfile.lock\" \"${PODS_ROOT}/Manifest.lock\" > /dev/null\nif [ $? != 0 ] ; then\n    # print error to STDERR\n    echo \"error: The sandbox is not in sync with the Podfile.lock. Run 'pod install' or update your CocoaPods installation.\" >&2\n    exit 1\nfi\n# This output is used by Xcode 'outputs' to avoid re-running this script phase.\necho \"SUCCESS\" > \"${SCRIPT_OUTPUT_FILE_0}\"\n";
			showEnvVarsInLog = 0;
		};
		511390DDA211FD8B10BEFFFE /* [CP] Embed Pods Frameworks */ = {
			isa = PBXShellScriptBuildPhase;
			buildActionMask = 2147483647;
			files = (
			);
			inputFileListPaths = (
				"${PODS_ROOT}/Target Support Files/Pods-RSSReaderFS/Pods-RSSReaderFS-frameworks-${CONFIGURATION}-input-files.xcfilelist",
			);
			name = "[CP] Embed Pods Frameworks";
			outputFileListPaths = (
				"${PODS_ROOT}/Target Support Files/Pods-RSSReaderFS/Pods-RSSReaderFS-frameworks-${CONFIGURATION}-output-files.xcfilelist",
			);
			runOnlyForDeploymentPostprocessing = 0;
			shellPath = /bin/sh;
			shellScript = "\"${PODS_ROOT}/Target Support Files/Pods-RSSReaderFS/Pods-RSSReaderFS-frameworks.sh\"\n";
			showEnvVarsInLog = 0;
		};
/* End PBXShellScriptBuildPhase section */

/* Begin PBXSourcesBuildPhase section */
		C94DEE44238C3F5900708074 /* Sources */ = {
			isa = PBXSourcesBuildPhase;
			buildActionMask = 2147483647;
			files = (
				C9B016892392244100E87634 /* NetworkManager.swift in Sources */,
				C9266FDB238FF28500FA2E16 /* IFeedView.swift in Sources */,
				C9DC10C423AFF57700FE6643 /* PGOperation.swift in Sources */,
				C923F57C239A5266008A9AE0 /* INetworkManager.swift in Sources */,
				C9DC10C023AFF3D900FE6643 /* ImageDownloadManager.swift in Sources */,
				C9D3179023992B2300AA6F62 /* URLBuilder.swift in Sources */,
				C9ABE68C239B4F6C0050312B /* ILoginView.swift in Sources */,
				C94DEE50238C3F5900708074 /* FeedViewController.swift in Sources */,
				C9ABE68E239B4F8F0050312B /* LoginViewController.swift in Sources */,
				C9D4CF7223A71E430013B703 /* IFavoritePresenter.swift in Sources */,
				C9D4CF7A23A728EE0013B703 /* String+EncodeURL.swift in Sources */,
				C94DEE4C238C3F5900708074 /* AppDelegate.swift in Sources */,
				C9425A4823A916C600749888 /* ArticlesParams.swift in Sources */,
				C9555D2B23B0A77D002365F8 /* RSSReaderDataModel.xcdatamodeld in Sources */,
				C9EB9ED923ABB10F006E7D13 /* IFullNewsPresenter.swift in Sources */,
				C923F57F239A53FB008A9AE0 /* User.swift in Sources */,
				C9555D2E23B0A7E2002365F8 /* ArticleMO+CoreDataClass.swift in Sources */,
				C9D4CF7623A71E8A0013B703 /* FavoriteViewController.swift in Sources */,
				C9D5DAED238FB9AB00583F2A /* NewsCell.swift in Sources */,
				C9555D3123B0BBF0002365F8 /* CacheService.swift in Sources */,
				C9555D3323B0BC0F002365F8 /* ICacheService.swift in Sources */,
				C9B016872392229D00E87634 /* News.swift in Sources */,
				C9B0168B23923F9700E87634 /* DateFormater+ISO8601.swift in Sources */,
				C93BD8A223AA95DF00DDBBDA /* Date+yesterdayDay.swift in Sources */,
				C9BC063223A3E98400AEC2D2 /* LoginPresenter.swift in Sources */,
				C9EB9ED723ABAE56006E7D13 /* IFullNewsView.swift in Sources */,
				C9D4CF7423A71E630013B703 /* IFavoriteView.swift in Sources */,
				C94DEE4E238C3F5900708074 /* SceneDelegate.swift in Sources */,
				C9555D2F23B0A7E2002365F8 /* ArticleMO+CoreDataProperties.swift in Sources */,
				C9EB9EDD23ABB138006E7D13 /* FullNewsPresenter.swift in Sources */,
				C9B448442392438800263559 /* RSSDateFormater.swift in Sources */,
				C9266FDD238FF4E700FA2E16 /* FeedPresenter.swift in Sources */,
				C9BC063023A3E95F00AEC2D2 /*  ILoginPresenter.swift in Sources */,
				C9D4CF7823A71ECD0013B703 /* FavoritePresenter.swift in Sources */,
				C9EB9EDB23ABB122006E7D13 /* FullNewsViewController.swift in Sources */,
				C9266FD9238FF12700FA2E16 /* IFeedPresenter.swift in Sources */,
			);
			runOnlyForDeploymentPostprocessing = 0;
		};
/* End PBXSourcesBuildPhase section */

/* Begin PBXVariantGroup section */
		C94DEE51238C3F5900708074 /* Main.storyboard */ = {
			isa = PBXVariantGroup;
			children = (
				C94DEE52238C3F5900708074 /* Base */,
			);
			name = Main.storyboard;
			sourceTree = "<group>";
		};
		C94DEE56238C3F5900708074 /* LaunchScreen.storyboard */ = {
			isa = PBXVariantGroup;
			children = (
				C94DEE57238C3F5900708074 /* Base */,
			);
			name = LaunchScreen.storyboard;
			sourceTree = "<group>";
		};
/* End PBXVariantGroup section */

/* Begin XCBuildConfiguration section */
		C94DEE5A238C3F5900708074 /* Debug */ = {
			isa = XCBuildConfiguration;
			buildSettings = {
				ALWAYS_SEARCH_USER_PATHS = NO;
				CLANG_ANALYZER_NONNULL = YES;
				CLANG_ANALYZER_NUMBER_OBJECT_CONVERSION = YES_AGGRESSIVE;
				CLANG_CXX_LANGUAGE_STANDARD = "gnu++14";
				CLANG_CXX_LIBRARY = "libc++";
				CLANG_ENABLE_MODULES = YES;
				CLANG_ENABLE_OBJC_ARC = YES;
				CLANG_ENABLE_OBJC_WEAK = YES;
				CLANG_WARN_BLOCK_CAPTURE_AUTORELEASING = YES;
				CLANG_WARN_BOOL_CONVERSION = YES;
				CLANG_WARN_COMMA = YES;
				CLANG_WARN_CONSTANT_CONVERSION = YES;
				CLANG_WARN_DEPRECATED_OBJC_IMPLEMENTATIONS = YES;
				CLANG_WARN_DIRECT_OBJC_ISA_USAGE = YES_ERROR;
				CLANG_WARN_DOCUMENTATION_COMMENTS = YES;
				CLANG_WARN_EMPTY_BODY = YES;
				CLANG_WARN_ENUM_CONVERSION = YES;
				CLANG_WARN_INFINITE_RECURSION = YES;
				CLANG_WARN_INT_CONVERSION = YES;
				CLANG_WARN_NON_LITERAL_NULL_CONVERSION = YES;
				CLANG_WARN_OBJC_IMPLICIT_RETAIN_SELF = YES;
				CLANG_WARN_OBJC_LITERAL_CONVERSION = YES;
				CLANG_WARN_OBJC_ROOT_CLASS = YES_ERROR;
				CLANG_WARN_RANGE_LOOP_ANALYSIS = YES;
				CLANG_WARN_STRICT_PROTOTYPES = YES;
				CLANG_WARN_SUSPICIOUS_MOVE = YES;
				CLANG_WARN_UNGUARDED_AVAILABILITY = YES_AGGRESSIVE;
				CLANG_WARN_UNREACHABLE_CODE = YES;
				CLANG_WARN__DUPLICATE_METHOD_MATCH = YES;
				COPY_PHASE_STRIP = NO;
				DEBUG_INFORMATION_FORMAT = dwarf;
				ENABLE_STRICT_OBJC_MSGSEND = YES;
				ENABLE_TESTABILITY = YES;
				GCC_C_LANGUAGE_STANDARD = gnu11;
				GCC_DYNAMIC_NO_PIC = NO;
				GCC_NO_COMMON_BLOCKS = YES;
				GCC_OPTIMIZATION_LEVEL = 0;
				GCC_PREPROCESSOR_DEFINITIONS = (
					"DEBUG=1",
					"$(inherited)",
				);
				GCC_WARN_64_TO_32_BIT_CONVERSION = YES;
				GCC_WARN_ABOUT_RETURN_TYPE = YES_ERROR;
				GCC_WARN_UNDECLARED_SELECTOR = YES;
				GCC_WARN_UNINITIALIZED_AUTOS = YES_AGGRESSIVE;
				GCC_WARN_UNUSED_FUNCTION = YES;
				GCC_WARN_UNUSED_VARIABLE = YES;
				IPHONEOS_DEPLOYMENT_TARGET = 13.1;
				MTL_ENABLE_DEBUG_INFO = INCLUDE_SOURCE;
				MTL_FAST_MATH = YES;
				ONLY_ACTIVE_ARCH = YES;
				SDKROOT = iphoneos;
				SWIFT_ACTIVE_COMPILATION_CONDITIONS = DEBUG;
				SWIFT_OPTIMIZATION_LEVEL = "-Onone";
			};
			name = Debug;
		};
		C94DEE5B238C3F5900708074 /* Release */ = {
			isa = XCBuildConfiguration;
			buildSettings = {
				ALWAYS_SEARCH_USER_PATHS = NO;
				CLANG_ANALYZER_NONNULL = YES;
				CLANG_ANALYZER_NUMBER_OBJECT_CONVERSION = YES_AGGRESSIVE;
				CLANG_CXX_LANGUAGE_STANDARD = "gnu++14";
				CLANG_CXX_LIBRARY = "libc++";
				CLANG_ENABLE_MODULES = YES;
				CLANG_ENABLE_OBJC_ARC = YES;
				CLANG_ENABLE_OBJC_WEAK = YES;
				CLANG_WARN_BLOCK_CAPTURE_AUTORELEASING = YES;
				CLANG_WARN_BOOL_CONVERSION = YES;
				CLANG_WARN_COMMA = YES;
				CLANG_WARN_CONSTANT_CONVERSION = YES;
				CLANG_WARN_DEPRECATED_OBJC_IMPLEMENTATIONS = YES;
				CLANG_WARN_DIRECT_OBJC_ISA_USAGE = YES_ERROR;
				CLANG_WARN_DOCUMENTATION_COMMENTS = YES;
				CLANG_WARN_EMPTY_BODY = YES;
				CLANG_WARN_ENUM_CONVERSION = YES;
				CLANG_WARN_INFINITE_RECURSION = YES;
				CLANG_WARN_INT_CONVERSION = YES;
				CLANG_WARN_NON_LITERAL_NULL_CONVERSION = YES;
				CLANG_WARN_OBJC_IMPLICIT_RETAIN_SELF = YES;
				CLANG_WARN_OBJC_LITERAL_CONVERSION = YES;
				CLANG_WARN_OBJC_ROOT_CLASS = YES_ERROR;
				CLANG_WARN_RANGE_LOOP_ANALYSIS = YES;
				CLANG_WARN_STRICT_PROTOTYPES = YES;
				CLANG_WARN_SUSPICIOUS_MOVE = YES;
				CLANG_WARN_UNGUARDED_AVAILABILITY = YES_AGGRESSIVE;
				CLANG_WARN_UNREACHABLE_CODE = YES;
				CLANG_WARN__DUPLICATE_METHOD_MATCH = YES;
				COPY_PHASE_STRIP = NO;
				DEBUG_INFORMATION_FORMAT = "dwarf-with-dsym";
				ENABLE_NS_ASSERTIONS = NO;
				ENABLE_STRICT_OBJC_MSGSEND = YES;
				GCC_C_LANGUAGE_STANDARD = gnu11;
				GCC_NO_COMMON_BLOCKS = YES;
				GCC_WARN_64_TO_32_BIT_CONVERSION = YES;
				GCC_WARN_ABOUT_RETURN_TYPE = YES_ERROR;
				GCC_WARN_UNDECLARED_SELECTOR = YES;
				GCC_WARN_UNINITIALIZED_AUTOS = YES_AGGRESSIVE;
				GCC_WARN_UNUSED_FUNCTION = YES;
				GCC_WARN_UNUSED_VARIABLE = YES;
				IPHONEOS_DEPLOYMENT_TARGET = 13.1;
				MTL_ENABLE_DEBUG_INFO = NO;
				MTL_FAST_MATH = YES;
				SDKROOT = iphoneos;
				SWIFT_COMPILATION_MODE = wholemodule;
				SWIFT_OPTIMIZATION_LEVEL = "-O";
				VALIDATE_PRODUCT = YES;
			};
			name = Release;
		};
		C94DEE5D238C3F5900708074 /* Debug */ = {
			isa = XCBuildConfiguration;
			baseConfigurationReference = 8842CA431C6D4D6FEA6774FB /* Pods-RSSReaderFS.debug.xcconfig */;
			buildSettings = {
				ASSETCATALOG_COMPILER_APPICON_NAME = AppIcon;
				CODE_SIGN_STYLE = Automatic;
				INFOPLIST_FILE = RSSReaderFS/Info.plist;
				LD_RUNPATH_SEARCH_PATHS = (
					"$(inherited)",
					"@executable_path/Frameworks",
				);
				PRODUCT_BUNDLE_IDENTIFIER = com.g.RSSReaderFS;
				PRODUCT_NAME = "$(TARGET_NAME)";
				SWIFT_VERSION = 5.0;
				TARGETED_DEVICE_FAMILY = "1,2";
			};
			name = Debug;
		};
		C94DEE5E238C3F5900708074 /* Release */ = {
			isa = XCBuildConfiguration;
			baseConfigurationReference = 751CD19FCDB5263CF3F5A0B7 /* Pods-RSSReaderFS.release.xcconfig */;
			buildSettings = {
				ASSETCATALOG_COMPILER_APPICON_NAME = AppIcon;
				CODE_SIGN_STYLE = Automatic;
				INFOPLIST_FILE = RSSReaderFS/Info.plist;
				LD_RUNPATH_SEARCH_PATHS = (
					"$(inherited)",
					"@executable_path/Frameworks",
				);
				PRODUCT_BUNDLE_IDENTIFIER = com.g.RSSReaderFS;
				PRODUCT_NAME = "$(TARGET_NAME)";
				SWIFT_VERSION = 5.0;
				TARGETED_DEVICE_FAMILY = "1,2";
			};
			name = Release;
		};
/* End XCBuildConfiguration section */

/* Begin XCConfigurationList section */
		C94DEE43238C3F5900708074 /* Build configuration list for PBXProject "RSSReaderFS" */ = {
			isa = XCConfigurationList;
			buildConfigurations = (
				C94DEE5A238C3F5900708074 /* Debug */,
				C94DEE5B238C3F5900708074 /* Release */,
			);
			defaultConfigurationIsVisible = 0;
			defaultConfigurationName = Release;
		};
		C94DEE5C238C3F5900708074 /* Build configuration list for PBXNativeTarget "RSSReaderFS" */ = {
			isa = XCConfigurationList;
			buildConfigurations = (
				C94DEE5D238C3F5900708074 /* Debug */,
				C94DEE5E238C3F5900708074 /* Release */,
			);
			defaultConfigurationIsVisible = 0;
			defaultConfigurationName = Release;
		};
/* End XCConfigurationList section */

/* Begin XCVersionGroup section */
		C9555D2923B0A77D002365F8 /* RSSReaderDataModel.xcdatamodeld */ = {
			isa = XCVersionGroup;
			children = (
				C9555D2A23B0A77D002365F8 /* RSSReaderDataModel.xcdatamodel */,
			);
			currentVersion = C9555D2A23B0A77D002365F8 /* RSSReaderDataModel.xcdatamodel */;
			path = RSSReaderDataModel.xcdatamodeld;
			sourceTree = "<group>";
			versionGroupType = wrapper.xcdatamodel;
		};
/* End XCVersionGroup section */
	};
	rootObject = C94DEE40238C3F5900708074 /* Project object */;
}
